// !$*UTF8*$!
{
	archiveVersion = 1;
	classes = {
	};
	objectVersion = 55;
	objects = {

/* Begin PBXBuildFile section */
		8B20B37B27138D2A002008F3 /* Blend_ModesApp.swift in Sources */ = {isa = PBXBuildFile; fileRef = 8B20B37A27138D2A002008F3 /* Blend_ModesApp.swift */; };
		8B20B37D27138D2A002008F3 /* ContentView.swift in Sources */ = {isa = PBXBuildFile; fileRef = 8B20B37C27138D2A002008F3 /* ContentView.swift */; };
		8B20B37F27138D2C002008F3 /* Assets.xcassets in Resources */ = {isa = PBXBuildFile; fileRef = 8B20B37E27138D2C002008F3 /* Assets.xcassets */; };
		8B20B38227138D2C002008F3 /* Preview Assets.xcassets in Resources */ = {isa = PBXBuildFile; fileRef = 8B20B38127138D2C002008F3 /* Preview Assets.xcassets */; };
		8B20B38927138D66002008F3 /* HelpView.swift in Sources */ = {isa = PBXBuildFile; fileRef = 8B20B38827138D66002008F3 /* HelpView.swift */; };
		8B20B38B27138D71002008F3 /* BlendModeDetail.swift in Sources */ = {isa = PBXBuildFile; fileRef = 8B20B38A27138D71002008F3 /* BlendModeDetail.swift */; };
		8B20B38D27138D77002008F3 /* BlendGroupView.swift in Sources */ = {isa = PBXBuildFile; fileRef = 8B20B38C27138D77002008F3 /* BlendGroupView.swift */; };
		8B20B38F27138D7B002008F3 /* SingleView.swift in Sources */ = {isa = PBXBuildFile; fileRef = 8B20B38E27138D7B002008F3 /* SingleView.swift */; };
		8B20B39127138D81002008F3 /* SettingsView.swift in Sources */ = {isa = PBXBuildFile; fileRef = 8B20B39027138D81002008F3 /* SettingsView.swift */; };
		8B20B39327138D88002008F3 /* AdjustModeView.swift in Sources */ = {isa = PBXBuildFile; fileRef = 8B20B39227138D88002008F3 /* AdjustModeView.swift */; };
		8B20B39527138D8C002008F3 /* ChooseColorsView.swift in Sources */ = {isa = PBXBuildFile; fileRef = 8B20B39427138D8C002008F3 /* ChooseColorsView.swift */; };
		8B20B39727138D92002008F3 /* InformationView.swift in Sources */ = {isa = PBXBuildFile; fileRef = 8B20B39627138D92002008F3 /* InformationView.swift */; };
		8B20B39927138DA2002008F3 /* SliderView.swift in Sources */ = {isa = PBXBuildFile; fileRef = 8B20B39827138DA2002008F3 /* SliderView.swift */; };
		8B20B39B27138DA7002008F3 /* BlendModel.swift in Sources */ = {isa = PBXBuildFile; fileRef = 8B20B39A27138DA7002008F3 /* BlendModel.swift */; };
		8B20B3A827138F50002008F3 /* ColorExt.swift in Sources */ = {isa = PBXBuildFile; fileRef = 8B20B3A727138F4F002008F3 /* ColorExt.swift */; };
		8B20B3AA27138F56002008F3 /* BlendModeExt.swift in Sources */ = {isa = PBXBuildFile; fileRef = 8B20B3A927138F56002008F3 /* BlendModeExt.swift */; };
		8B20B3AC27138F5C002008F3 /* IntExtension.swift in Sources */ = {isa = PBXBuildFile; fileRef = 8B20B3AB27138F5C002008F3 /* IntExtension.swift */; };
		8B20B3AE27138F61002008F3 /* ComparableExt.swift in Sources */ = {isa = PBXBuildFile; fileRef = 8B20B3AD27138F61002008F3 /* ComparableExt.swift */; };
		8B20B3B127138F81002008F3 /* GlowViewModifier.swift in Sources */ = {isa = PBXBuildFile; fileRef = 8B20B3B027138F81002008F3 /* GlowViewModifier.swift */; };
		8B20B3B327138F8C002008F3 /* BlendModeViewModifier.swift in Sources */ = {isa = PBXBuildFile; fileRef = 8B20B3B227138F8C002008F3 /* BlendModeViewModifier.swift */; };
		8B20B3B527138F96002008F3 /* ColorInvertViewModifier.swift in Sources */ = {isa = PBXBuildFile; fileRef = 8B20B3B427138F96002008F3 /* ColorInvertViewModifier.swift */; };
		8B20B3B727138F9D002008F3 /* CompositingGroupViewModifier.swift in Sources */ = {isa = PBXBuildFile; fileRef = 8B20B3B627138F9D002008F3 /* CompositingGroupViewModifier.swift */; };
		8B20B3B927138FA5002008F3 /* PartialSheetViewModifier.swift in Sources */ = {isa = PBXBuildFile; fileRef = 8B20B3B827138FA5002008F3 /* PartialSheetViewModifier.swift */; };
/* End PBXBuildFile section */

/* Begin PBXFileReference section */
		8B20B37727138D2A002008F3 /* Blend Modes.app */ = {isa = PBXFileReference; explicitFileType = wrapper.application; includeInIndex = 0; path = "Blend Modes.app"; sourceTree = BUILT_PRODUCTS_DIR; };
		8B20B37A27138D2A002008F3 /* Blend_ModesApp.swift */ = {isa = PBXFileReference; lastKnownFileType = sourcecode.swift; path = Blend_ModesApp.swift; sourceTree = "<group>"; };
		8B20B37C27138D2A002008F3 /* ContentView.swift */ = {isa = PBXFileReference; lastKnownFileType = sourcecode.swift; path = ContentView.swift; sourceTree = "<group>"; };
		8B20B37E27138D2C002008F3 /* Assets.xcassets */ = {isa = PBXFileReference; lastKnownFileType = folder.assetcatalog; path = Assets.xcassets; sourceTree = "<group>"; };
		8B20B38127138D2C002008F3 /* Preview Assets.xcassets */ = {isa = PBXFileReference; lastKnownFileType = folder.assetcatalog; path = "Preview Assets.xcassets"; sourceTree = "<group>"; };
		8B20B38827138D66002008F3 /* HelpView.swift */ = {isa = PBXFileReference; lastKnownFileType = sourcecode.swift; path = HelpView.swift; sourceTree = "<group>"; };
		8B20B38A27138D71002008F3 /* BlendModeDetail.swift */ = {isa = PBXFileReference; lastKnownFileType = sourcecode.swift; path = BlendModeDetail.swift; sourceTree = "<group>"; };
		8B20B38C27138D77002008F3 /* BlendGroupView.swift */ = {isa = PBXFileReference; lastKnownFileType = sourcecode.swift; path = BlendGroupView.swift; sourceTree = "<group>"; };
		8B20B38E27138D7B002008F3 /* SingleView.swift */ = {isa = PBXFileReference; lastKnownFileType = sourcecode.swift; path = SingleView.swift; sourceTree = "<group>"; };
		8B20B39027138D81002008F3 /* SettingsView.swift */ = {isa = PBXFileReference; lastKnownFileType = sourcecode.swift; path = SettingsView.swift; sourceTree = "<group>"; };
		8B20B39227138D88002008F3 /* AdjustModeView.swift */ = {isa = PBXFileReference; lastKnownFileType = sourcecode.swift; path = AdjustModeView.swift; sourceTree = "<group>"; };
		8B20B39427138D8C002008F3 /* ChooseColorsView.swift */ = {isa = PBXFileReference; lastKnownFileType = sourcecode.swift; path = ChooseColorsView.swift; sourceTree = "<group>"; };
		8B20B39627138D92002008F3 /* InformationView.swift */ = {isa = PBXFileReference; lastKnownFileType = sourcecode.swift; path = InformationView.swift; sourceTree = "<group>"; };
		8B20B39827138DA2002008F3 /* SliderView.swift */ = {isa = PBXFileReference; lastKnownFileType = sourcecode.swift; path = SliderView.swift; sourceTree = "<group>"; };
		8B20B39A27138DA7002008F3 /* BlendModel.swift */ = {isa = PBXFileReference; lastKnownFileType = sourcecode.swift; path = BlendModel.swift; sourceTree = "<group>"; };
		8B20B3A727138F4F002008F3 /* ColorExt.swift */ = {isa = PBXFileReference; fileEncoding = 4; lastKnownFileType = sourcecode.swift; path = ColorExt.swift; sourceTree = "<group>"; };
		8B20B3A927138F56002008F3 /* BlendModeExt.swift */ = {isa = PBXFileReference; fileEncoding = 4; lastKnownFileType = sourcecode.swift; path = BlendModeExt.swift; sourceTree = "<group>"; };
		8B20B3AB27138F5C002008F3 /* IntExtension.swift */ = {isa = PBXFileReference; fileEncoding = 4; lastKnownFileType = sourcecode.swift; path = IntExtension.swift; sourceTree = "<group>"; };
		8B20B3AD27138F61002008F3 /* ComparableExt.swift */ = {isa = PBXFileReference; fileEncoding = 4; lastKnownFileType = sourcecode.swift; path = ComparableExt.swift; sourceTree = "<group>"; };
		8B20B3B027138F81002008F3 /* GlowViewModifier.swift */ = {isa = PBXFileReference; fileEncoding = 4; lastKnownFileType = sourcecode.swift; path = GlowViewModifier.swift; sourceTree = "<group>"; };
		8B20B3B227138F8C002008F3 /* BlendModeViewModifier.swift */ = {isa = PBXFileReference; fileEncoding = 4; lastKnownFileType = sourcecode.swift; path = BlendModeViewModifier.swift; sourceTree = "<group>"; };
		8B20B3B427138F96002008F3 /* ColorInvertViewModifier.swift */ = {isa = PBXFileReference; fileEncoding = 4; lastKnownFileType = sourcecode.swift; path = ColorInvertViewModifier.swift; sourceTree = "<group>"; };
		8B20B3B627138F9D002008F3 /* CompositingGroupViewModifier.swift */ = {isa = PBXFileReference; fileEncoding = 4; lastKnownFileType = sourcecode.swift; path = CompositingGroupViewModifier.swift; sourceTree = "<group>"; };
		8B20B3B827138FA5002008F3 /* PartialSheetViewModifier.swift */ = {isa = PBXFileReference; fileEncoding = 4; lastKnownFileType = sourcecode.swift; path = PartialSheetViewModifier.swift; sourceTree = "<group>"; };
/* End PBXFileReference section */

/* Begin PBXFrameworksBuildPhase section */
		8B20B37427138D29002008F3 /* Frameworks */ = {
			isa = PBXFrameworksBuildPhase;
			buildActionMask = 2147483647;
			files = (
			);
			runOnlyForDeploymentPostprocessing = 0;
		};
/* End PBXFrameworksBuildPhase section */

/* Begin PBXGroup section */
		8B20B36E27138D29002008F3 = {
			isa = PBXGroup;
			children = (
				8B20B37927138D2A002008F3 /* Blend Modes */,
				8B20B37827138D2A002008F3 /* Products */,
			);
			sourceTree = "<group>";
		};
		8B20B37827138D2A002008F3 /* Products */ = {
			isa = PBXGroup;
			children = (
				8B20B37727138D2A002008F3 /* Blend Modes.app */,
			);
			name = Products;
			sourceTree = "<group>";
		};
		8B20B37927138D2A002008F3 /* Blend Modes */ = {
			isa = PBXGroup;
			children = (
				8B20B37A27138D2A002008F3 /* Blend_ModesApp.swift */,
				8B20B39A27138DA7002008F3 /* BlendModel.swift */,
				8B20B37C27138D2A002008F3 /* ContentView.swift */,
				8B20B38A27138D71002008F3 /* BlendModeDetail.swift */,
				8B20B38C27138D77002008F3 /* BlendGroupView.swift */,
				8B20B38E27138D7B002008F3 /* SingleView.swift */,
				8B20B39027138D81002008F3 /* SettingsView.swift */,
				8B20B39227138D88002008F3 /* AdjustModeView.swift */,
				8B20B39427138D8C002008F3 /* ChooseColorsView.swift */,
				8B20B39627138D92002008F3 /* InformationView.swift */,
				8B20B38827138D66002008F3 /* HelpView.swift */,
				8B20B39827138DA2002008F3 /* SliderView.swift */,
				8B20B3AF27138F68002008F3 /* Extensions */,
				8B20B3BA27138FAB002008F3 /* View Modifiers */,
				8B20B37E27138D2C002008F3 /* Assets.xcassets */,
				8B20B38027138D2C002008F3 /* Preview Content */,
			);
			path = "Blend Modes";
			sourceTree = "<group>";
		};
		8B20B38027138D2C002008F3 /* Preview Content */ = {
			isa = PBXGroup;
			children = (
				8B20B38127138D2C002008F3 /* Preview Assets.xcassets */,
			);
			path = "Preview Content";
			sourceTree = "<group>";
		};
		8B20B3AF27138F68002008F3 /* Extensions */ = {
			isa = PBXGroup;
			children = (
				8B20B3A727138F4F002008F3 /* ColorExt.swift */,
				8B20B3A927138F56002008F3 /* BlendModeExt.swift */,
				8B20B3AB27138F5C002008F3 /* IntExtension.swift */,
				8B20B3AD27138F61002008F3 /* ComparableExt.swift */,
			);
			path = Extensions;
			sourceTree = "<group>";
		};
		8B20B3BA27138FAB002008F3 /* View Modifiers */ = {
			isa = PBXGroup;
			children = (
				8B20B3B227138F8C002008F3 /* BlendModeViewModifier.swift */,
				8B20B3B427138F96002008F3 /* ColorInvertViewModifier.swift */,
				8B20B3B627138F9D002008F3 /* CompositingGroupViewModifier.swift */,
				8B20B3B027138F81002008F3 /* GlowViewModifier.swift */,
				8B20B3B827138FA5002008F3 /* PartialSheetViewModifier.swift */,
			);
			path = "View Modifiers";
			sourceTree = "<group>";
		};
/* End PBXGroup section */

/* Begin PBXNativeTarget section */
		8B20B37627138D29002008F3 /* Blend Modes */ = {
			isa = PBXNativeTarget;
			buildConfigurationList = 8B20B38527138D2C002008F3 /* Build configuration list for PBXNativeTarget "Blend Modes" */;
			buildPhases = (
				8B20B37327138D29002008F3 /* Sources */,
				8B20B37427138D29002008F3 /* Frameworks */,
				8B20B37527138D29002008F3 /* Resources */,
			);
			buildRules = (
			);
			dependencies = (
			);
			name = "Blend Modes";
			productName = "Blend Modes";
			productReference = 8B20B37727138D2A002008F3 /* Blend Modes.app */;
			productType = "com.apple.product-type.application";
		};
/* End PBXNativeTarget section */

/* Begin PBXProject section */
		8B20B36F27138D29002008F3 /* Project object */ = {
			isa = PBXProject;
			attributes = {
				BuildIndependentTargetsInParallel = 1;
				LastSwiftUpdateCheck = 1300;
				LastUpgradeCheck = 1300;
				TargetAttributes = {
					8B20B37627138D29002008F3 = {
						CreatedOnToolsVersion = 13.0;
					};
				};
			};
			buildConfigurationList = 8B20B37227138D29002008F3 /* Build configuration list for PBXProject "Blend Modes" */;
			compatibilityVersion = "Xcode 13.0";
			developmentRegion = en;
			hasScannedForEncodings = 0;
			knownRegions = (
				en,
				Base,
			);
			mainGroup = 8B20B36E27138D29002008F3;
			productRefGroup = 8B20B37827138D2A002008F3 /* Products */;
			projectDirPath = "";
			projectRoot = "";
			targets = (
				8B20B37627138D29002008F3 /* Blend Modes */,
			);
		};
/* End PBXProject section */

/* Begin PBXResourcesBuildPhase section */
		8B20B37527138D29002008F3 /* Resources */ = {
			isa = PBXResourcesBuildPhase;
			buildActionMask = 2147483647;
			files = (
				8B20B38227138D2C002008F3 /* Preview Assets.xcassets in Resources */,
				8B20B37F27138D2C002008F3 /* Assets.xcassets in Resources */,
			);
			runOnlyForDeploymentPostprocessing = 0;
		};
/* End PBXResourcesBuildPhase section */

/* Begin PBXSourcesBuildPhase section */
		8B20B37327138D29002008F3 /* Sources */ = {
			isa = PBXSourcesBuildPhase;
			buildActionMask = 2147483647;
			files = (
				8B20B3B727138F9D002008F3 /* CompositingGroupViewModifier.swift in Sources */,
				8B20B39127138D81002008F3 /* SettingsView.swift in Sources */,
				8B20B38F27138D7B002008F3 /* SingleView.swift in Sources */,
				8B20B3AA27138F56002008F3 /* BlendModeExt.swift in Sources */,
				8B20B39327138D88002008F3 /* AdjustModeView.swift in Sources */,
				8B20B39527138D8C002008F3 /* ChooseColorsView.swift in Sources */,
				8B20B3B127138F81002008F3 /* GlowViewModifier.swift in Sources */,
				8B20B3AE27138F61002008F3 /* ComparableExt.swift in Sources */,
				8B20B39927138DA2002008F3 /* SliderView.swift in Sources */,
				8B20B3B527138F96002008F3 /* ColorInvertViewModifier.swift in Sources */,
				8B20B37D27138D2A002008F3 /* ContentView.swift in Sources */,
				8B20B39727138D92002008F3 /* InformationView.swift in Sources */,
				8B20B3B327138F8C002008F3 /* BlendModeViewModifier.swift in Sources */,
				8B20B3AC27138F5C002008F3 /* IntExtension.swift in Sources */,
				8B20B38D27138D77002008F3 /* BlendGroupView.swift in Sources */,
				8B20B38B27138D71002008F3 /* BlendModeDetail.swift in Sources */,
				8B20B39B27138DA7002008F3 /* BlendModel.swift in Sources */,
				8B20B38927138D66002008F3 /* HelpView.swift in Sources */,
				8B20B37B27138D2A002008F3 /* Blend_ModesApp.swift in Sources */,
				8B20B3B927138FA5002008F3 /* PartialSheetViewModifier.swift in Sources */,
				8B20B3A827138F50002008F3 /* ColorExt.swift in Sources */,
			);
			runOnlyForDeploymentPostprocessing = 0;
		};
/* End PBXSourcesBuildPhase section */

/* Begin XCBuildConfiguration section */
		8B20B38327138D2C002008F3 /* Debug */ = {
			isa = XCBuildConfiguration;
			buildSettings = {
				ALWAYS_SEARCH_USER_PATHS = NO;
				CLANG_ANALYZER_NONNULL = YES;
				CLANG_ANALYZER_NUMBER_OBJECT_CONVERSION = YES_AGGRESSIVE;
				CLANG_CXX_LANGUAGE_STANDARD = "gnu++17";
				CLANG_CXX_LIBRARY = "libc++";
				CLANG_ENABLE_MODULES = YES;
				CLANG_ENABLE_OBJC_ARC = YES;
				CLANG_ENABLE_OBJC_WEAK = YES;
				CLANG_WARN_BLOCK_CAPTURE_AUTORELEASING = YES;
				CLANG_WARN_BOOL_CONVERSION = YES;
				CLANG_WARN_COMMA = YES;
				CLANG_WARN_CONSTANT_CONVERSION = YES;
				CLANG_WARN_DEPRECATED_OBJC_IMPLEMENTATIONS = YES;
				CLANG_WARN_DIRECT_OBJC_ISA_USAGE = YES_ERROR;
				CLANG_WARN_DOCUMENTATION_COMMENTS = YES;
				CLANG_WARN_EMPTY_BODY = YES;
				CLANG_WARN_ENUM_CONVERSION = YES;
				CLANG_WARN_INFINITE_RECURSION = YES;
				CLANG_WARN_INT_CONVERSION = YES;
				CLANG_WARN_NON_LITERAL_NULL_CONVERSION = YES;
				CLANG_WARN_OBJC_IMPLICIT_RETAIN_SELF = YES;
				CLANG_WARN_OBJC_LITERAL_CONVERSION = YES;
				CLANG_WARN_OBJC_ROOT_CLASS = YES_ERROR;
				CLANG_WARN_QUOTED_INCLUDE_IN_FRAMEWORK_HEADER = YES;
				CLANG_WARN_RANGE_LOOP_ANALYSIS = YES;
				CLANG_WARN_STRICT_PROTOTYPES = YES;
				CLANG_WARN_SUSPICIOUS_MOVE = YES;
				CLANG_WARN_UNGUARDED_AVAILABILITY = YES_AGGRESSIVE;
				CLANG_WARN_UNREACHABLE_CODE = YES;
				CLANG_WARN__DUPLICATE_METHOD_MATCH = YES;
				COPY_PHASE_STRIP = NO;
				DEBUG_INFORMATION_FORMAT = dwarf;
				ENABLE_STRICT_OBJC_MSGSEND = YES;
				ENABLE_TESTABILITY = YES;
				GCC_C_LANGUAGE_STANDARD = gnu11;
				GCC_DYNAMIC_NO_PIC = NO;
				GCC_NO_COMMON_BLOCKS = YES;
				GCC_OPTIMIZATION_LEVEL = 0;
				GCC_PREPROCESSOR_DEFINITIONS = (
					"DEBUG=1",
					"$(inherited)",
				);
				GCC_WARN_64_TO_32_BIT_CONVERSION = YES;
				GCC_WARN_ABOUT_RETURN_TYPE = YES_ERROR;
				GCC_WARN_UNDECLARED_SELECTOR = YES;
				GCC_WARN_UNINITIALIZED_AUTOS = YES_AGGRESSIVE;
				GCC_WARN_UNUSED_FUNCTION = YES;
				GCC_WARN_UNUSED_VARIABLE = YES;
				IPHONEOS_DEPLOYMENT_TARGET = 15.0;
				MTL_ENABLE_DEBUG_INFO = INCLUDE_SOURCE;
				MTL_FAST_MATH = YES;
				ONLY_ACTIVE_ARCH = YES;
				SDKROOT = iphoneos;
				SWIFT_ACTIVE_COMPILATION_CONDITIONS = DEBUG;
				SWIFT_OPTIMIZATION_LEVEL = "-Onone";
			};
			name = Debug;
		};
		8B20B38427138D2C002008F3 /* Release */ = {
			isa = XCBuildConfiguration;
			buildSettings = {
				ALWAYS_SEARCH_USER_PATHS = NO;
				CLANG_ANALYZER_NONNULL = YES;
				CLANG_ANALYZER_NUMBER_OBJECT_CONVERSION = YES_AGGRESSIVE;
				CLANG_CXX_LANGUAGE_STANDARD = "gnu++17";
				CLANG_CXX_LIBRARY = "libc++";
				CLANG_ENABLE_MODULES = YES;
				CLANG_ENABLE_OBJC_ARC = YES;
				CLANG_ENABLE_OBJC_WEAK = YES;
				CLANG_WARN_BLOCK_CAPTURE_AUTORELEASING = YES;
				CLANG_WARN_BOOL_CONVERSION = YES;
				CLANG_WARN_COMMA = YES;
				CLANG_WARN_CONSTANT_CONVERSION = YES;
				CLANG_WARN_DEPRECATED_OBJC_IMPLEMENTATIONS = YES;
				CLANG_WARN_DIRECT_OBJC_ISA_USAGE = YES_ERROR;
				CLANG_WARN_DOCUMENTATION_COMMENTS = YES;
				CLANG_WARN_EMPTY_BODY = YES;
				CLANG_WARN_ENUM_CONVERSION = YES;
				CLANG_WARN_INFINITE_RECURSION = YES;
				CLANG_WARN_INT_CONVERSION = YES;
				CLANG_WARN_NON_LITERAL_NULL_CONVERSION = YES;
				CLANG_WARN_OBJC_IMPLICIT_RETAIN_SELF = YES;
				CLANG_WARN_OBJC_LITERAL_CONVERSION = YES;
				CLANG_WARN_OBJC_ROOT_CLASS = YES_ERROR;
				CLANG_WARN_QUOTED_INCLUDE_IN_FRAMEWORK_HEADER = YES;
				CLANG_WARN_RANGE_LOOP_ANALYSIS = YES;
				CLANG_WARN_STRICT_PROTOTYPES = YES;
				CLANG_WARN_SUSPICIOUS_MOVE = YES;
				CLANG_WARN_UNGUARDED_AVAILABILITY = YES_AGGRESSIVE;
				CLANG_WARN_UNREACHABLE_CODE = YES;
				CLANG_WARN__DUPLICATE_METHOD_MATCH = YES;
				COPY_PHASE_STRIP = NO;
				DEBUG_INFORMATION_FORMAT = "dwarf-with-dsym";
				ENABLE_NS_ASSERTIONS = NO;
				ENABLE_STRICT_OBJC_MSGSEND = YES;
				GCC_C_LANGUAGE_STANDARD = gnu11;
				GCC_NO_COMMON_BLOCKS = YES;
				GCC_WARN_64_TO_32_BIT_CONVERSION = YES;
				GCC_WARN_ABOUT_RETURN_TYPE = YES_ERROR;
				GCC_WARN_UNDECLARED_SELECTOR = YES;
				GCC_WARN_UNINITIALIZED_AUTOS = YES_AGGRESSIVE;
				GCC_WARN_UNUSED_FUNCTION = YES;
				GCC_WARN_UNUSED_VARIABLE = YES;
				IPHONEOS_DEPLOYMENT_TARGET = 15.0;
				MTL_ENABLE_DEBUG_INFO = NO;
				MTL_FAST_MATH = YES;
				SDKROOT = iphoneos;
				SWIFT_COMPILATION_MODE = wholemodule;
				SWIFT_OPTIMIZATION_LEVEL = "-O";
				VALIDATE_PRODUCT = YES;
			};
			name = Release;
		};
		8B20B38627138D2C002008F3 /* Debug */ = {
			isa = XCBuildConfiguration;
			buildSettings = {
				ASSETCATALOG_COMPILER_APPICON_NAME = AppIcon;
				ASSETCATALOG_COMPILER_GLOBAL_ACCENT_COLOR_NAME = AccentColor;
				CODE_SIGN_STYLE = Automatic;
				CURRENT_PROJECT_VERSION = 1;
				DEVELOPMENT_ASSET_PATHS = "\"Blend Modes/Preview Content\"";
				DEVELOPMENT_TEAM = KR424649J7;
				ENABLE_PREVIEWS = YES;
				GENERATE_INFOPLIST_FILE = YES;
				INFOPLIST_KEY_UIApplicationSceneManifest_Generation = YES;
				INFOPLIST_KEY_UIApplicationSupportsIndirectInputEvents = YES;
				INFOPLIST_KEY_UILaunchScreen_Generation = YES;
				INFOPLIST_KEY_UISupportedInterfaceOrientations_iPad = "UIInterfaceOrientationPortrait UIInterfaceOrientationPortraitUpsideDown UIInterfaceOrientationLandscapeLeft UIInterfaceOrientationLandscapeRight";
				INFOPLIST_KEY_UISupportedInterfaceOrientations_iPhone = "UIInterfaceOrientationPortrait UIInterfaceOrientationLandscapeLeft UIInterfaceOrientationLandscapeRight";
				IPHONEOS_DEPLOYMENT_TARGET = 15.0;
				LD_RUNPATH_SEARCH_PATHS = (
					"$(inherited)",
					"@executable_path/Frameworks",
				);
				MARKETING_VERSION = 1.0;
				PRODUCT_BUNDLE_IDENTIFIER = "com.alelinapps.Blend-Modes";
				PRODUCT_NAME = "$(TARGET_NAME)";
				SWIFT_EMIT_LOC_STRINGS = YES;
				SWIFT_VERSION = 5.0;
				TARGETED_DEVICE_FAMILY = "1,2";
			};
			name = Debug;
		};
		8B20B38727138D2C002008F3 /* Release */ = {
			isa = XCBuildConfiguration;
			buildSettings = {
				ASSETCATALOG_COMPILER_APPICON_NAME = AppIcon;
				ASSETCATALOG_COMPILER_GLOBAL_ACCENT_COLOR_NAME = AccentColor;
				CODE_SIGN_STYLE = Automatic;
				CURRENT_PROJECT_VERSION = 1;
				DEVELOPMENT_ASSET_PATHS = "\"Blend Modes/Preview Content\"";
				DEVELOPMENT_TEAM = KR424649J7;
				ENABLE_PREVIEWS = YES;
				GENERATE_INFOPLIST_FILE = YES;
				INFOPLIST_KEY_UIApplicationSceneManifest_Generation = YES;
				INFOPLIST_KEY_UIApplicationSupportsIndirectInputEvents = YES;
				INFOPLIST_KEY_UILaunchScreen_Generation = YES;
				INFOPLIST_KEY_UISupportedInterfaceOrientations_iPad = "UIInterfaceOrientationPortrait UIInterfaceOrientationPortraitUpsideDown UIInterfaceOrientationLandscapeLeft UIInterfaceOrientationLandscapeRight";
				INFOPLIST_KEY_UISupportedInterfaceOrientations_iPhone = "UIInterfaceOrientationPortrait UIInterfaceOrientationLandscapeLeft UIInterfaceOrientationLandscapeRight";
				IPHONEOS_DEPLOYMENT_TARGET = 15.0;
				LD_RUNPATH_SEARCH_PATHS = (
					"$(inherited)",
					"@executable_path/Frameworks",
				);
				MARKETING_VERSION = 1.0;
				PRODUCT_BUNDLE_IDENTIFIER = "com.alelinapps.Blend-Modes";
				PRODUCT_NAME = "$(TARGET_NAME)";
				SWIFT_EMIT_LOC_STRINGS = YES;
				SWIFT_VERSION = 5.0;
				TARGETED_DEVICE_FAMILY = "1,2";
			};
			name = Release;
		};
/* End XCBuildConfiguration section */

/* Begin XCConfigurationList section */
		8B20B37227138D29002008F3 /* Build configuration list for PBXProject "Blend Modes" */ = {
			isa = XCConfigurationList;
			buildConfigurations = (
				8B20B38327138D2C002008F3 /* Debug */,
				8B20B38427138D2C002008F3 /* Release */,
			);
			defaultConfigurationIsVisible = 0;
			defaultConfigurationName = Release;
		};
		8B20B38527138D2C002008F3 /* Build configuration list for PBXNativeTarget "Blend Modes" */ = {
			isa = XCConfigurationList;
			buildConfigurations = (
				8B20B38627138D2C002008F3 /* Debug */,
				8B20B38727138D2C002008F3 /* Release */,
			);
			defaultConfigurationIsVisible = 0;
			defaultConfigurationName = Release;
		};
/* End XCConfigurationList section */
	};
	rootObject = 8B20B36F27138D29002008F3 /* Project object */;
}
